
Microsoft Visual Studio Solution File, Format Version 12.00
# Visual Studio Version 16
VisualStudioVersion = 16.0.31515.178
MinimumVisualStudioVersion = 10.0.40219.1
Project("{FAE04EC0-301F-11D3-BF4B-00C04F79EFBC}") = "GetIslandApp", "GetIslandApp\GetIslandApp.csproj", "{0F65DA3A-52FF-446A-955D-CF8808E1D78E}"
EndProject
Global
	GlobalSection(SolutionConfigurationPlatforms) = preSolution
		Debug|Any CPU = Debug|Any CPU
		Release|Any CPU = Release|Any CPU
	EndGlobalSection
	GlobalSection(ProjectConfigurationPlatforms) = postSolution
		{0F65DA3A-52FF-446A-955D-CF8808E1D78E}.Debug|Any CPU.ActiveCfg = Debug|Any CPU
		{0F65DA3A-52FF-446A-955D-CF8808E1D78E}.Debug|Any CPU.Build.0 = Debug|Any CPU
		{0F65DA3A-52FF-446A-955D-CF8808E1D78E}.Release|Any CPU.ActiveCfg = Release|Any CPU
		{0F65DA3A-52FF-446A-955D-CF8808E1D78E}.Release|Any CPU.Build.0 = Release|Any CPU
	EndGlobalSection
	GlobalSection(SolutionProperties) = preSolution
		HideSolutionNode = FALSE
	EndGlobalSection
	GlobalSection(ExtensibilityGlobals) = postSolution
		SolutionGuid = {66443A27-F105-4A7D-9DC4-826712F3D5F7}
	EndGlobalSection
EndGlobal
